// !$*UTF8*$!
{
	archiveVersion = 1;
	classes = {
	};
	objectVersion = 46;
	objects = {

/* Begin PBXBuildFile section */
		7A9535881C995B7200A1B900 /* main.cpp in Sources */ = {isa = PBXBuildFile; fileRef = 7A9535871C995B7200A1B900 /* main.cpp */; };
		7A95358F1C995DC300A1B900 /* 260_Single_Number_III.h in Sources */ = {isa = PBXBuildFile; fileRef = 7A95358E1C995DC300A1B900 /* 260_Single_Number_III.h */; };
/* End PBXBuildFile section */

/* Begin PBXCopyFilesBuildPhase section */
		7A9535821C995B7200A1B900 /* CopyFiles */ = {
			isa = PBXCopyFilesBuildPhase;
			buildActionMask = 2147483647;
			dstPath = /usr/share/man/man1/;
			dstSubfolderSpec = 0;
			files = (
			);
			runOnlyForDeploymentPostprocessing = 1;
		};
/* End PBXCopyFilesBuildPhase section */

/* Begin PBXFileReference section */
		7A9535841C995B7200A1B900 /* leetCode */ = {isa = PBXFileReference; explicitFileType = "compiled.mach-o.executable"; includeInIndex = 0; path = leetCode; sourceTree = BUILT_PRODUCTS_DIR; };
		7A9535871C995B7200A1B900 /* main.cpp */ = {isa = PBXFileReference; lastKnownFileType = sourcecode.cpp.cpp; path = main.cpp; sourceTree = "<group>"; };
		7A95358E1C995DC300A1B900 /* 260_Single_Number_III.h */ = {isa = PBXFileReference; fileEncoding = 4; lastKnownFileType = sourcecode.c.h; path = 260_Single_Number_III.h; sourceTree = "<group>"; };
/* End PBXFileReference section */

/* Begin PBXFrameworksBuildPhase section */
		7A9535811C995B7200A1B900 /* Frameworks */ = {
			isa = PBXFrameworksBuildPhase;
			buildActionMask = 2147483647;
			files = (
			);
			runOnlyForDeploymentPostprocessing = 0;
		};
/* End PBXFrameworksBuildPhase section */

/* Begin PBXGroup section */
		7A95357B1C995B7200A1B900 = {
			isa = PBXGroup;
			children = (
				7A9535861C995B7200A1B900 /* leetCode */,
				7A9535851C995B7200A1B900 /* Products */,
			);
			sourceTree = "<group>";
		};
		7A9535851C995B7200A1B900 /* Products */ = {
			isa = PBXGroup;
			children = (
				7A9535841C995B7200A1B900 /* leetCode */,
			);
			name = Products;
			sourceTree = "<group>";
		};
		7A9535861C995B7200A1B900 /* leetCode */ = {
			isa = PBXGroup;
			children = (
				7A9535871C995B7200A1B900 /* main.cpp */,
				7A95358E1C995DC300A1B900 /* 260_Single_Number_III.h */,
			);
			path = leetCode;
			sourceTree = "<group>";
		};
/* End PBXGroup section */

/* Begin PBXNativeTarget section */
		7A9535831C995B7200A1B900 /* leetCode */ = {
			isa = PBXNativeTarget;
			buildConfigurationList = 7A95358B1C995B7200A1B900 /* Build configuration list for PBXNativeTarget "leetCode" */;
			buildPhases = (
				7A9535801C995B7200A1B900 /* Sources */,
				7A9535811C995B7200A1B900 /* Frameworks */,
				7A9535821C995B7200A1B900 /* CopyFiles */,
			);
			buildRules = (
			);
			dependencies = (
			);
			name = leetCode;
			productName = leetCode;
			productReference = 7A9535841C995B7200A1B900 /* leetCode */;
			productType = "com.apple.product-type.tool";
		};
/* End PBXNativeTarget section */

/* Begin PBXProject section */
		7A95357C1C995B7200A1B900 /* Project object */ = {
			isa = PBXProject;
			attributes = {
				LastUpgradeCheck = 0720;
				ORGANIZATIONNAME = PengYan;
				TargetAttributes = {
					7A9535831C995B7200A1B900 = {
						CreatedOnToolsVersion = 7.2.1;
					};
				};
			};
			buildConfigurationList = 7A95357F1C995B7200A1B900 /* Build configuration list for PBXProject "leetCode" */;
			compatibilityVersion = "Xcode 3.2";
			developmentRegion = English;
			hasScannedForEncodings = 0;
			knownRegions = (
				en,
			);
			mainGroup = 7A95357B1C995B7200A1B900;
			productRefGroup = 7A9535851C995B7200A1B900 /* Products */;
			projectDirPath = "";
			projectRoot = "";
			targets = (
				7A9535831C995B7200A1B900 /* leetCode */,
			);
		};
/* End PBXProject section */

/* Begin PBXSourcesBuildPhase section */
		7A9535801C995B7200A1B900 /* Sources */ = {
			isa = PBXSourcesBuildPhase;
			buildActionMask = 2147483647;
			files = (
				7A9535881C995B7200A1B900 /* main.cpp in Sources */,
				7A95358F1C995DC300A1B900 /* 260_Single_Number_III.h in Sources */,
			);
			runOnlyForDeploymentPostprocessing = 0;
		};
/* End PBXSourcesBuildPhase section */

/* Begin XCBuildConfiguration section */
		7A9535891C995B7200A1B900 /* Debug */ = {
			isa = XCBuildConfiguration;
			buildSettings = {
				ALWAYS_SEARCH_USER_PATHS = NO;
				CLANG_CXX_LANGUAGE_STANDARD = "gnu++0x";
				CLANG_CXX_LIBRARY = "libc++";
				CLANG_ENABLE_MODULES = YES;
				CLANG_ENABLE_OBJC_ARC = YES;
				CLANG_WARN_BOOL_CONVERSION = YES;
				CLANG_WARN_CONSTANT_CONVERSION = YES;
				CLANG_WARN_DIRECT_OBJC_ISA_USAGE = YES_ERROR;
				CLANG_WARN_EMPTY_BODY = YES;
				CLANG_WARN_ENUM_CONVERSION = YES;
				CLANG_WARN_INT_CONVERSION = YES;
				CLANG_WARN_OBJC_ROOT_CLASS = YES_ERROR;
				CLANG_WARN_UNREACHABLE_CODE = YES;
				CLANG_WARN__DUPLICATE_METHOD_MATCH = YES;
				CODE_SIGN_IDENTITY = "-";
				COPY_PHASE_STRIP = NO;
				DEBUG_INFORMATION_FORMAT = dwarf;
				ENABLE_STRICT_OBJC_MSGSEND = YES;
				ENABLE_TESTABILITY = YES;
				GCC_C_LANGUAGE_STANDARD = gnu99;
				GCC_DYNAMIC_NO_PIC = NO;
				GCC_NO_COMMON_BLOCKS = YES;
				GCC_OPTIMIZATION_LEVEL = 0;
				GCC_PREPROCESSOR_DEFINITIONS = (
					"DEBUG=1",
					"$(inherited)",
				);
				GCC_WARN_64_TO_32_BIT_CONVERSION = YES;
				GCC_WARN_ABOUT_RETURN_TYPE = YES_ERROR;
				GCC_WARN_UNDECLARED_SELECTOR = YES;
				GCC_WARN_UNINITIALIZED_AUTOS = YES_AGGRESSIVE;
				GCC_WARN_UNUSED_FUNCTION = YES;
				GCC_WARN_UNUSED_VARIABLE = YES;
				MACOSX_DEPLOYMENT_TARGET = 10.11;
				MTL_ENABLE_DEBUG_INFO = YES;
				ONLY_ACTIVE_ARCH = YES;
				SDKROOT = macosx;
			};
			name = Debug;
		};
		7A95358A1C995B7200A1B900 /* Release */ = {
			isa = XCBuildConfiguration;
			buildSettings = {
				ALWAYS_SEARCH_USER_PATHS = NO;
				CLANG_CXX_LANGUAGE_STANDARD = "gnu++0x";
				CLANG_CXX_LIBRARY = "libc++";
				CLANG_ENABLE_MODULES = YES;
				CLANG_ENABLE_OBJC_ARC = YES;
				CLANG_WARN_BOOL_CONVERSION = YES;
				CLANG_WARN_CONSTANT_CONVERSION = YES;
				CLANG_WARN_DIRECT_OBJC_ISA_USAGE = YES_ERROR;
				CLANG_WARN_EMPTY_BODY = YES;
				CLANG_WARN_ENUM_CONVERSION = YES;
				CLANG_WARN_INT_CONVERSION = YES;
				CLANG_WARN_OBJC_ROOT_CLASS = YES_ERROR;
				CLANG_WARN_UNREACHABLE_CODE = YES;
				CLANG_WARN__DUPLICATE_METHOD_MATCH = YES;
				CODE_SIGN_IDENTITY = "-";
				COPY_PHASE_STRIP = NO;
				DEBUG_INFORMATION_FORMAT = "dwarf-with-dsym";
				ENABLE_NS_ASSERTIONS = NO;
				ENABLE_STRICT_OBJC_MSGSEND = YES;
				GCC_C_LANGUAGE_STANDARD = gnu99;
				GCC_NO_COMMON_BLOCKS = YES;
				GCC_WARN_64_TO_32_BIT_CONVERSION = YES;
				GCC_WARN_ABOUT_RETURN_TYPE = YES_ERROR;
				GCC_WARN_UNDECLARED_SELECTOR = YES;
				GCC_WARN_UNINITIALIZED_AUTOS = YES_AGGRESSIVE;
				GCC_WARN_UNUSED_FUNCTION = YES;
				GCC_WARN_UNUSED_VARIABLE = YES;
				MACOSX_DEPLOYMENT_TARGET = 10.11;
				MTL_ENABLE_DEBUG_INFO = NO;
				SDKROOT = macosx;
			};
			name = Release;
		};
		7A95358C1C995B7200A1B900 /* Debug */ = {
			isa = XCBuildConfiguration;
			buildSettings = {
				PRODUCT_NAME = "$(TARGET_NAME)";
			};
			name = Debug;
		};
		7A95358D1C995B7200A1B900 /* Release */ = {
			isa = XCBuildConfiguration;
			buildSettings = {
				PRODUCT_NAME = "$(TARGET_NAME)";
			};
			name = Release;
		};
/* End XCBuildConfiguration section */

/* Begin XCConfigurationList section */
		7A95357F1C995B7200A1B900 /* Build configuration list for PBXProject "leetCode" */ = {
			isa = XCConfigurationList;
			buildConfigurations = (
				7A9535891C995B7200A1B900 /* Debug */,
				7A95358A1C995B7200A1B900 /* Release */,
			);
			defaultConfigurationIsVisible = 0;
			defaultConfigurationName = Release;
		};
		7A95358B1C995B7200A1B900 /* Build configuration list for PBXNativeTarget "leetCode" */ = {
			isa = XCConfigurationList;
			buildConfigurations = (
				7A95358C1C995B7200A1B900 /* Debug */,
				7A95358D1C995B7200A1B900 /* Release */,
			);
			defaultConfigurationIsVisible = 0;
		};
/* End XCConfigurationList section */
	};
	rootObject = 7A95357C1C995B7200A1B900 /* Project object */;
}
